// !$*UTF8*$!
{
	archiveVersion = 1;
	classes = {
	};
	objectVersion = 52;
	objects = {

/* Begin PBXBuildFile section */
		461926AF226D4AFB009D48F9 /* BoredActivityViewController.swift in Sources */ = {isa = PBXBuildFile; fileRef = 461926AE226D4AFB009D48F9 /* BoredActivityViewController.swift */; };
		461926B2226D4AFB009D48F9 /* Main.storyboard in Resources */ = {isa = PBXBuildFile; fileRef = 461926B0226D4AFB009D48F9 /* Main.storyboard */; };
		461926B5226D4AFB009D48F9 /* BoredData.xcdatamodeld in Sources */ = {isa = PBXBuildFile; fileRef = 461926B3226D4AFB009D48F9 /* BoredData.xcdatamodeld */; };
		461926B7226D4B06009D48F9 /* Assets.xcassets in Resources */ = {isa = PBXBuildFile; fileRef = 461926B6226D4B06009D48F9 /* Assets.xcassets */; };
		461926BA226D4B06009D48F9 /* LaunchScreen.storyboard in Resources */ = {isa = PBXBuildFile; fileRef = 461926B8226D4B06009D48F9 /* LaunchScreen.storyboard */; };
		461926C5226D4B07009D48F9 /* BoredDataTests.swift in Sources */ = {isa = PBXBuildFile; fileRef = 461926C4226D4B07009D48F9 /* BoredDataTests.swift */; };
		461926D0226D4B07009D48F9 /* BoredDataUITests.swift in Sources */ = {isa = PBXBuildFile; fileRef = 461926CF226D4B07009D48F9 /* BoredDataUITests.swift */; };
		461926E2226DE271009D48F9 /* ActivityDelegate.swift in Sources */ = {isa = PBXBuildFile; fileRef = 461926E1226DE271009D48F9 /* ActivityDelegate.swift */; };
		461926E5226DE340009D48F9 /* ActivityError.swift in Sources */ = {isa = PBXBuildFile; fileRef = 461926E4226DE340009D48F9 /* ActivityError.swift */; };
		461926E7226DE54F009D48F9 /* ActivityService.swift in Sources */ = {isa = PBXBuildFile; fileRef = 461926E6226DE54F009D48F9 /* ActivityService.swift */; };
		461926EA226E86C4009D48F9 /* BoredActivityTableViewController.swift in Sources */ = {isa = PBXBuildFile; fileRef = 461926E9226E86C4009D48F9 /* BoredActivityTableViewController.swift */; };
		46FBE9FB2277EFD400637044 /* BoredActivity+CoreDataClass.swift in Sources */ = {isa = PBXBuildFile; fileRef = 46FBE9F92277EFD400637044 /* BoredActivity+CoreDataClass.swift */; };
		46FBE9FC2277EFD400637044 /* BoredActivity+CoreDataProperties.swift in Sources */ = {isa = PBXBuildFile; fileRef = 46FBE9FA2277EFD400637044 /* BoredActivity+CoreDataProperties.swift */; };
		7B09850A29F642740010D3C9 /* ParseSwift in Frameworks */ = {isa = PBXBuildFile; productRef = 7B09850929F642740010D3C9 /* ParseSwift */; };
		7B09850E29F644830010D3C9 /* user .swift in Sources */ = {isa = PBXBuildFile; fileRef = 7B09850D29F644830010D3C9 /* user .swift */; };
		7B09851229F65D170010D3C9 /* LoginViewController.swift in Sources */ = {isa = PBXBuildFile; fileRef = 7B09851129F65D170010D3C9 /* LoginViewController.swift */; };
		7B09851429F65D370010D3C9 /* SignUpViewController.swift in Sources */ = {isa = PBXBuildFile; fileRef = 7B09851329F65D370010D3C9 /* SignUpViewController.swift */; };
		7B09851729F667540010D3C9 /* showAlert.swift in Sources */ = {isa = PBXBuildFile; fileRef = 7B09851629F667540010D3C9 /* showAlert.swift */; };
		7B09851B29F750300010D3C9 /* SceneDelegate.swift in Sources */ = {isa = PBXBuildFile; fileRef = 7B09851A29F750300010D3C9 /* SceneDelegate.swift */; };
		7B09851D29F757CB0010D3C9 /* AppDelegate.swift in Sources */ = {isa = PBXBuildFile; fileRef = 461926AC226D4AFB009D48F9 /* AppDelegate.swift */; };
/* End PBXBuildFile section */

/* Begin PBXContainerItemProxy section */
		461926C1226D4B07009D48F9 /* PBXContainerItemProxy */ = {
			isa = PBXContainerItemProxy;
			containerPortal = 461926A1226D4AFB009D48F9 /* Project object */;
			proxyType = 1;
			remoteGlobalIDString = 461926A8226D4AFB009D48F9;
			remoteInfo = BoredData;
		};
		461926CC226D4B07009D48F9 /* PBXContainerItemProxy */ = {
			isa = PBXContainerItemProxy;
			containerPortal = 461926A1226D4AFB009D48F9 /* Project object */;
			proxyType = 1;
			remoteGlobalIDString = 461926A8226D4AFB009D48F9;
			remoteInfo = BoredData;
		};
/* End PBXContainerItemProxy section */

/* Begin PBXFileReference section */
		461926A9226D4AFB009D48F9 /* BoredApp.app */ = {isa = PBXFileReference; explicitFileType = wrapper.application; includeInIndex = 0; path = BoredApp.app; sourceTree = BUILT_PRODUCTS_DIR; };
		461926AC226D4AFB009D48F9 /* AppDelegate.swift */ = {isa = PBXFileReference; lastKnownFileType = sourcecode.swift; path = AppDelegate.swift; sourceTree = "<group>"; };
		461926AE226D4AFB009D48F9 /* BoredActivityViewController.swift */ = {isa = PBXFileReference; lastKnownFileType = sourcecode.swift; path = BoredActivityViewController.swift; sourceTree = "<group>"; };
		461926B1226D4AFB009D48F9 /* Base */ = {isa = PBXFileReference; lastKnownFileType = file.storyboard; name = Base; path = Base.lproj/Main.storyboard; sourceTree = "<group>"; };
		461926B4226D4AFB009D48F9 /* BoredData.xcdatamodel */ = {isa = PBXFileReference; lastKnownFileType = wrapper.xcdatamodel; path = BoredData.xcdatamodel; sourceTree = "<group>"; };
		461926B6226D4B06009D48F9 /* Assets.xcassets */ = {isa = PBXFileReference; lastKnownFileType = folder.assetcatalog; path = Assets.xcassets; sourceTree = "<group>"; };
		461926B9226D4B06009D48F9 /* Base */ = {isa = PBXFileReference; lastKnownFileType = file.storyboard; name = Base; path = Base.lproj/LaunchScreen.storyboard; sourceTree = "<group>"; };
		461926BB226D4B06009D48F9 /* Info.plist */ = {isa = PBXFileReference; lastKnownFileType = text.plist.xml; path = Info.plist; sourceTree = "<group>"; };
		461926C0226D4B07009D48F9 /* BoredAppTests.xctest */ = {isa = PBXFileReference; explicitFileType = wrapper.cfbundle; includeInIndex = 0; path = BoredAppTests.xctest; sourceTree = BUILT_PRODUCTS_DIR; };
		461926C4226D4B07009D48F9 /* BoredDataTests.swift */ = {isa = PBXFileReference; lastKnownFileType = sourcecode.swift; path = BoredDataTests.swift; sourceTree = "<group>"; };
		461926C6226D4B07009D48F9 /* Info.plist */ = {isa = PBXFileReference; lastKnownFileType = text.plist.xml; path = Info.plist; sourceTree = "<group>"; };
		461926CB226D4B07009D48F9 /* BoredAppUITests.xctest */ = {isa = PBXFileReference; explicitFileType = wrapper.cfbundle; includeInIndex = 0; path = BoredAppUITests.xctest; sourceTree = BUILT_PRODUCTS_DIR; };
		461926CF226D4B07009D48F9 /* BoredDataUITests.swift */ = {isa = PBXFileReference; lastKnownFileType = sourcecode.swift; path = BoredDataUITests.swift; sourceTree = "<group>"; };
		461926D1226D4B07009D48F9 /* Info.plist */ = {isa = PBXFileReference; lastKnownFileType = text.plist.xml; path = Info.plist; sourceTree = "<group>"; };
		461926E1226DE271009D48F9 /* ActivityDelegate.swift */ = {isa = PBXFileReference; lastKnownFileType = sourcecode.swift; path = ActivityDelegate.swift; sourceTree = "<group>"; };
		461926E4226DE340009D48F9 /* ActivityError.swift */ = {isa = PBXFileReference; lastKnownFileType = sourcecode.swift; path = ActivityError.swift; sourceTree = "<group>"; };
		461926E6226DE54F009D48F9 /* ActivityService.swift */ = {isa = PBXFileReference; lastKnownFileType = sourcecode.swift; path = ActivityService.swift; sourceTree = "<group>"; };
		461926E9226E86C4009D48F9 /* BoredActivityTableViewController.swift */ = {isa = PBXFileReference; lastKnownFileType = sourcecode.swift; path = BoredActivityTableViewController.swift; sourceTree = "<group>"; };
		46FBE9F92277EFD400637044 /* BoredActivity+CoreDataClass.swift */ = {isa = PBXFileReference; lastKnownFileType = sourcecode.swift; path = "BoredActivity+CoreDataClass.swift"; sourceTree = "<group>"; };
		46FBE9FA2277EFD400637044 /* BoredActivity+CoreDataProperties.swift */ = {isa = PBXFileReference; lastKnownFileType = sourcecode.swift; path = "BoredActivity+CoreDataProperties.swift"; sourceTree = "<group>"; };
		7B09850D29F644830010D3C9 /* user .swift */ = {isa = PBXFileReference; lastKnownFileType = sourcecode.swift; path = "user .swift"; sourceTree = "<group>"; };
		7B09851129F65D170010D3C9 /* LoginViewController.swift */ = {isa = PBXFileReference; lastKnownFileType = sourcecode.swift; path = LoginViewController.swift; sourceTree = "<group>"; };
		7B09851329F65D370010D3C9 /* SignUpViewController.swift */ = {isa = PBXFileReference; lastKnownFileType = sourcecode.swift; path = SignUpViewController.swift; sourceTree = "<group>"; };
		7B09851629F667540010D3C9 /* showAlert.swift */ = {isa = PBXFileReference; lastKnownFileType = sourcecode.swift; path = showAlert.swift; sourceTree = "<group>"; };
		7B09851A29F750300010D3C9 /* SceneDelegate.swift */ = {isa = PBXFileReference; lastKnownFileType = sourcecode.swift; path = SceneDelegate.swift; sourceTree = "<group>"; };
/* End PBXFileReference section */

/* Begin PBXFrameworksBuildPhase section */
		461926A6226D4AFB009D48F9 /* Frameworks */ = {
			isa = PBXFrameworksBuildPhase;
			buildActionMask = 2147483647;
			files = (
				7B09850A29F642740010D3C9 /* ParseSwift in Frameworks */,
			);
			runOnlyForDeploymentPostprocessing = 0;
		};
		461926BD226D4B07009D48F9 /* Frameworks */ = {
			isa = PBXFrameworksBuildPhase;
			buildActionMask = 2147483647;
			files = (
			);
			runOnlyForDeploymentPostprocessing = 0;
		};
		461926C8226D4B07009D48F9 /* Frameworks */ = {
			isa = PBXFrameworksBuildPhase;
			buildActionMask = 2147483647;
			files = (
			);
			runOnlyForDeploymentPostprocessing = 0;
		};
/* End PBXFrameworksBuildPhase section */

/* Begin PBXGroup section */
		461926A0226D4AFB009D48F9 = {
			isa = PBXGroup;
			children = (
				7B09851529F667290010D3C9 /* Alerts  */,
				7B09851029F65CCD0010D3C9 /* Login */,
				7B09850C29F6444E0010D3C9 /* Models  */,
				46FBE9F92277EFD400637044 /* BoredActivity+CoreDataClass.swift */,
				46FBE9FA2277EFD400637044 /* BoredActivity+CoreDataProperties.swift */,
				461926AB226D4AFB009D48F9 /* BoredData */,
				461926C3226D4B07009D48F9 /* BoredDataTests */,
				461926CE226D4B07009D48F9 /* BoredDataUITests */,
				461926AA226D4AFB009D48F9 /* Products */,
			);
			sourceTree = "<group>";
		};
		461926AA226D4AFB009D48F9 /* Products */ = {
			isa = PBXGroup;
			children = (
				461926A9226D4AFB009D48F9 /* BoredApp.app */,
				461926C0226D4B07009D48F9 /* BoredAppTests.xctest */,
				461926CB226D4B07009D48F9 /* BoredAppUITests.xctest */,
			);
			name = Products;
			sourceTree = "<group>";
		};
		461926AB226D4AFB009D48F9 /* BoredData */ = {
			isa = PBXGroup;
			children = (
				461926E8226DF1EB009D48F9 /* Controller */,
				461926E3226DE325009D48F9 /* View */,
				461926E0226D70A9009D48F9 /* Service */,
				461926DD226D6E9A009D48F9 /* Data */,
				7B09851A29F750300010D3C9 /* SceneDelegate.swift */,
				461926AC226D4AFB009D48F9 /* AppDelegate.swift */,
				461926B0226D4AFB009D48F9 /* Main.storyboard */,
				461926B6226D4B06009D48F9 /* Assets.xcassets */,
				461926B8226D4B06009D48F9 /* LaunchScreen.storyboard */,
				461926BB226D4B06009D48F9 /* Info.plist */,
			);
			path = BoredData;
			sourceTree = "<group>";
		};
		461926C3226D4B07009D48F9 /* BoredDataTests */ = {
			isa = PBXGroup;
			children = (
				461926C4226D4B07009D48F9 /* BoredDataTests.swift */,
				461926C6226D4B07009D48F9 /* Info.plist */,
			);
			path = BoredDataTests;
			sourceTree = "<group>";
		};
		461926CE226D4B07009D48F9 /* BoredDataUITests */ = {
			isa = PBXGroup;
			children = (
				461926CF226D4B07009D48F9 /* BoredDataUITests.swift */,
				461926D1226D4B07009D48F9 /* Info.plist */,
			);
			path = BoredDataUITests;
			sourceTree = "<group>";
		};
		461926DD226D6E9A009D48F9 /* Data */ = {
			isa = PBXGroup;
			children = (
				461926B3226D4AFB009D48F9 /* BoredData.xcdatamodeld */,
			);
			path = Data;
			sourceTree = "<group>";
		};
		461926E0226D70A9009D48F9 /* Service */ = {
			isa = PBXGroup;
			children = (
				461926E1226DE271009D48F9 /* ActivityDelegate.swift */,
				461926E6226DE54F009D48F9 /* ActivityService.swift */,
			);
			path = Service;
			sourceTree = "<group>";
		};
		461926E3226DE325009D48F9 /* View */ = {
			isa = PBXGroup;
			children = (
				461926E4226DE340009D48F9 /* ActivityError.swift */,
			);
			path = View;
			sourceTree = "<group>";
		};
		461926E8226DF1EB009D48F9 /* Controller */ = {
			isa = PBXGroup;
			children = (
				461926AE226D4AFB009D48F9 /* BoredActivityViewController.swift */,
				461926E9226E86C4009D48F9 /* BoredActivityTableViewController.swift */,
			);
			path = Controller;
			sourceTree = "<group>";
		};
		7B09850C29F6444E0010D3C9 /* Models  */ = {
			isa = PBXGroup;
			children = (
				7B09850D29F644830010D3C9 /* user .swift */,
			);
			path = "Models ";
			sourceTree = "<group>";
		};
		7B09851029F65CCD0010D3C9 /* Login */ = {
			isa = PBXGroup;
			children = (
				7B09851129F65D170010D3C9 /* LoginViewController.swift */,
				7B09851329F65D370010D3C9 /* SignUpViewController.swift */,
			);
			path = Login;
			sourceTree = "<group>";
		};
		7B09851529F667290010D3C9 /* Alerts  */ = {
			isa = PBXGroup;
			children = (
				7B09851629F667540010D3C9 /* showAlert.swift */,
			);
			path = "Alerts ";
			sourceTree = "<group>";
		};
/* End PBXGroup section */

/* Begin PBXNativeTarget section */
		461926A8226D4AFB009D48F9 /* BoredApp */ = {
			isa = PBXNativeTarget;
			buildConfigurationList = 461926D4226D4B07009D48F9 /* Build configuration list for PBXNativeTarget "BoredApp" */;
			buildPhases = (
				461926A5226D4AFB009D48F9 /* Sources */,
				461926A6226D4AFB009D48F9 /* Frameworks */,
				461926A7226D4AFB009D48F9 /* Resources */,
			);
			buildRules = (
			);
			dependencies = (
			);
			name = BoredApp;
			packageProductDependencies = (
				7B09850929F642740010D3C9 /* ParseSwift */,
			);
			productName = BoredData;
			productReference = 461926A9226D4AFB009D48F9 /* BoredApp.app */;
			productType = "com.apple.product-type.application";
		};
		461926BF226D4B07009D48F9 /* BoredAppTests */ = {
			isa = PBXNativeTarget;
			buildConfigurationList = 461926D7226D4B07009D48F9 /* Build configuration list for PBXNativeTarget "BoredAppTests" */;
			buildPhases = (
				461926BC226D4B07009D48F9 /* Sources */,
				461926BD226D4B07009D48F9 /* Frameworks */,
				461926BE226D4B07009D48F9 /* Resources */,
			);
			buildRules = (
			);
			dependencies = (
				461926C2226D4B07009D48F9 /* PBXTargetDependency */,
			);
			name = BoredAppTests;
			productName = BoredDataTests;
			productReference = 461926C0226D4B07009D48F9 /* BoredAppTests.xctest */;
			productType = "com.apple.product-type.bundle.unit-test";
		};
		461926CA226D4B07009D48F9 /* BoredAppUITests */ = {
			isa = PBXNativeTarget;
			buildConfigurationList = 461926DA226D4B07009D48F9 /* Build configuration list for PBXNativeTarget "BoredAppUITests" */;
			buildPhases = (
				461926C7226D4B07009D48F9 /* Sources */,
				461926C8226D4B07009D48F9 /* Frameworks */,
				461926C9226D4B07009D48F9 /* Resources */,
			);
			buildRules = (
			);
			dependencies = (
				461926CD226D4B07009D48F9 /* PBXTargetDependency */,
			);
			name = BoredAppUITests;
			productName = BoredDataUITests;
			productReference = 461926CB226D4B07009D48F9 /* BoredAppUITests.xctest */;
			productType = "com.apple.product-type.bundle.ui-testing";
		};
/* End PBXNativeTarget section */

/* Begin PBXProject section */
		461926A1226D4AFB009D48F9 /* Project object */ = {
			isa = PBXProject;
			attributes = {
				LastSwiftUpdateCheck = 1010;
				LastUpgradeCheck = 1010;
				ORGANIZATIONNAME = Cara;
				TargetAttributes = {
					461926A8226D4AFB009D48F9 = {
						CreatedOnToolsVersion = 10.1;
					};
					461926BF226D4B07009D48F9 = {
						CreatedOnToolsVersion = 10.1;
						TestTargetID = 461926A8226D4AFB009D48F9;
					};
					461926CA226D4B07009D48F9 = {
						CreatedOnToolsVersion = 10.1;
						TestTargetID = 461926A8226D4AFB009D48F9;
					};
				};
			};
			buildConfigurationList = 461926A4226D4AFB009D48F9 /* Build configuration list for PBXProject "BoredApp" */;
			compatibilityVersion = "Xcode 9.3";
			developmentRegion = en;
			hasScannedForEncodings = 0;
			knownRegions = (
				en,
				Base,
			);
			mainGroup = 461926A0226D4AFB009D48F9;
			packageReferences = (
				446D47C829E6432900A640AC /* XCRemoteSwiftPackageReference "swift-argument-parser" */,
				7B09850829F642740010D3C9 /* XCRemoteSwiftPackageReference "Parse-Swift" */,
			);
			productRefGroup = 461926AA226D4AFB009D48F9 /* Products */;
			projectDirPath = "";
			projectRoot = "";
			targets = (
				461926A8226D4AFB009D48F9 /* BoredApp */,
				461926BF226D4B07009D48F9 /* BoredAppTests */,
				461926CA226D4B07009D48F9 /* BoredAppUITests */,
			);
		};
/* End PBXProject section */

/* Begin PBXResourcesBuildPhase section */
		461926A7226D4AFB009D48F9 /* Resources */ = {
			isa = PBXResourcesBuildPhase;
			buildActionMask = 2147483647;
			files = (
				461926BA226D4B06009D48F9 /* LaunchScreen.storyboard in Resources */,
				461926B7226D4B06009D48F9 /* Assets.xcassets in Resources */,
				461926B2226D4AFB009D48F9 /* Main.storyboard in Resources */,
			);
			runOnlyForDeploymentPostprocessing = 0;
		};
		461926BE226D4B07009D48F9 /* Resources */ = {
			isa = PBXResourcesBuildPhase;
			buildActionMask = 2147483647;
			files = (
			);
			runOnlyForDeploymentPostprocessing = 0;
		};
		461926C9226D4B07009D48F9 /* Resources */ = {
			isa = PBXResourcesBuildPhase;
			buildActionMask = 2147483647;
			files = (
			);
			runOnlyForDeploymentPostprocessing = 0;
		};
/* End PBXResourcesBuildPhase section */

/* Begin PBXSourcesBuildPhase section */
		461926A5226D4AFB009D48F9 /* Sources */ = {
			isa = PBXSourcesBuildPhase;
			buildActionMask = 2147483647;
			files = (
				461926E7226DE54F009D48F9 /* ActivityService.swift in Sources */,
				7B09851B29F750300010D3C9 /* SceneDelegate.swift in Sources */,
				7B09850E29F644830010D3C9 /* user .swift in Sources */,
				461926EA226E86C4009D48F9 /* BoredActivityTableViewController.swift in Sources */,
				7B09851D29F757CB0010D3C9 /* AppDelegate.swift in Sources */,
				461926B5226D4AFB009D48F9 /* BoredData.xcdatamodeld in Sources */,
				46FBE9FB2277EFD400637044 /* BoredActivity+CoreDataClass.swift in Sources */,
				461926E5226DE340009D48F9 /* ActivityError.swift in Sources */,
				7B09851429F65D370010D3C9 /* SignUpViewController.swift in Sources */,
				461926AF226D4AFB009D48F9 /* BoredActivityViewController.swift in Sources */,
				46FBE9FC2277EFD400637044 /* BoredActivity+CoreDataProperties.swift in Sources */,
				7B09851729F667540010D3C9 /* showAlert.swift in Sources */,
				461926E2226DE271009D48F9 /* ActivityDelegate.swift in Sources */,
				7B09851229F65D170010D3C9 /* LoginViewController.swift in Sources */,
			);
			runOnlyForDeploymentPostprocessing = 0;
		};
		461926BC226D4B07009D48F9 /* Sources */ = {
			isa = PBXSourcesBuildPhase;
			buildActionMask = 2147483647;
			files = (
				461926C5226D4B07009D48F9 /* BoredDataTests.swift in Sources */,
			);
			runOnlyForDeploymentPostprocessing = 0;
		};
		461926C7226D4B07009D48F9 /* Sources */ = {
			isa = PBXSourcesBuildPhase;
			buildActionMask = 2147483647;
			files = (
				461926D0226D4B07009D48F9 /* BoredDataUITests.swift in Sources */,
			);
			runOnlyForDeploymentPostprocessing = 0;
		};
/* End PBXSourcesBuildPhase section */

/* Begin PBXTargetDependency section */
		461926C2226D4B07009D48F9 /* PBXTargetDependency */ = {
			isa = PBXTargetDependency;
			target = 461926A8226D4AFB009D48F9 /* BoredApp */;
			targetProxy = 461926C1226D4B07009D48F9 /* PBXContainerItemProxy */;
		};
		461926CD226D4B07009D48F9 /* PBXTargetDependency */ = {
			isa = PBXTargetDependency;
			target = 461926A8226D4AFB009D48F9 /* BoredApp */;
			targetProxy = 461926CC226D4B07009D48F9 /* PBXContainerItemProxy */;
		};
/* End PBXTargetDependency section */

/* Begin PBXVariantGroup section */
		461926B0226D4AFB009D48F9 /* Main.storyboard */ = {
			isa = PBXVariantGroup;
			children = (
				461926B1226D4AFB009D48F9 /* Base */,
			);
			name = Main.storyboard;
			sourceTree = "<group>";
		};
		461926B8226D4B06009D48F9 /* LaunchScreen.storyboard */ = {
			isa = PBXVariantGroup;
			children = (
				461926B9226D4B06009D48F9 /* Base */,
			);
			name = LaunchScreen.storyboard;
			sourceTree = "<group>";
		};
/* End PBXVariantGroup section */

/* Begin XCBuildConfiguration section */
		461926D2226D4B07009D48F9 /* Debug */ = {
			isa = XCBuildConfiguration;
			buildSettings = {
				ALWAYS_SEARCH_USER_PATHS = NO;
				CLANG_ANALYZER_NONNULL = YES;
				CLANG_ANALYZER_NUMBER_OBJECT_CONVERSION = YES_AGGRESSIVE;
				CLANG_CXX_LANGUAGE_STANDARD = "gnu++14";
				CLANG_CXX_LIBRARY = "libc++";
				CLANG_ENABLE_MODULES = YES;
				CLANG_ENABLE_OBJC_ARC = YES;
				CLANG_ENABLE_OBJC_WEAK = YES;
				CLANG_WARN_BLOCK_CAPTURE_AUTORELEASING = YES;
				CLANG_WARN_BOOL_CONVERSION = YES;
				CLANG_WARN_COMMA = YES;
				CLANG_WARN_CONSTANT_CONVERSION = YES;
				CLANG_WARN_DEPRECATED_OBJC_IMPLEMENTATIONS = YES;
				CLANG_WARN_DIRECT_OBJC_ISA_USAGE = YES_ERROR;
				CLANG_WARN_DOCUMENTATION_COMMENTS = YES;
				CLANG_WARN_EMPTY_BODY = YES;
				CLANG_WARN_ENUM_CONVERSION = YES;
				CLANG_WARN_INFINITE_RECURSION = YES;
				CLANG_WARN_INT_CONVERSION = YES;
				CLANG_WARN_NON_LITERAL_NULL_CONVERSION = YES;
				CLANG_WARN_OBJC_IMPLICIT_RETAIN_SELF = YES;
				CLANG_WARN_OBJC_LITERAL_CONVERSION = YES;
				CLANG_WARN_OBJC_ROOT_CLASS = YES_ERROR;
				CLANG_WARN_RANGE_LOOP_ANALYSIS = YES;
				CLANG_WARN_STRICT_PROTOTYPES = YES;
				CLANG_WARN_SUSPICIOUS_MOVE = YES;
				CLANG_WARN_UNGUARDED_AVAILABILITY = YES_AGGRESSIVE;
				CLANG_WARN_UNREACHABLE_CODE = YES;
				CLANG_WARN__DUPLICATE_METHOD_MATCH = YES;
				CODE_SIGN_IDENTITY = "iPhone Developer";
				COPY_PHASE_STRIP = NO;
				DEBUG_INFORMATION_FORMAT = dwarf;
				ENABLE_STRICT_OBJC_MSGSEND = YES;
				ENABLE_TESTABILITY = YES;
				GCC_C_LANGUAGE_STANDARD = gnu11;
				GCC_DYNAMIC_NO_PIC = NO;
				GCC_NO_COMMON_BLOCKS = YES;
				GCC_OPTIMIZATION_LEVEL = 0;
				GCC_PREPROCESSOR_DEFINITIONS = (
					"DEBUG=1",
					"$(inherited)",
				);
				GCC_WARN_64_TO_32_BIT_CONVERSION = YES;
				GCC_WARN_ABOUT_RETURN_TYPE = YES_ERROR;
				GCC_WARN_UNDECLARED_SELECTOR = YES;
				GCC_WARN_UNINITIALIZED_AUTOS = YES_AGGRESSIVE;
				GCC_WARN_UNUSED_FUNCTION = YES;
				GCC_WARN_UNUSED_VARIABLE = YES;
				IPHONEOS_DEPLOYMENT_TARGET = 12.1;
				MTL_ENABLE_DEBUG_INFO = INCLUDE_SOURCE;
				MTL_FAST_MATH = YES;
				ONLY_ACTIVE_ARCH = YES;
				SDKROOT = iphoneos;
				SWIFT_ACTIVE_COMPILATION_CONDITIONS = DEBUG;
				SWIFT_OPTIMIZATION_LEVEL = "-Onone";
			};
			name = Debug;
		};
		461926D3226D4B07009D48F9 /* Release */ = {
			isa = XCBuildConfiguration;
			buildSettings = {
				ALWAYS_SEARCH_USER_PATHS = NO;
				CLANG_ANALYZER_NONNULL = YES;
				CLANG_ANALYZER_NUMBER_OBJECT_CONVERSION = YES_AGGRESSIVE;
				CLANG_CXX_LANGUAGE_STANDARD = "gnu++14";
				CLANG_CXX_LIBRARY = "libc++";
				CLANG_ENABLE_MODULES = YES;
				CLANG_ENABLE_OBJC_ARC = YES;
				CLANG_ENABLE_OBJC_WEAK = YES;
				CLANG_WARN_BLOCK_CAPTURE_AUTORELEASING = YES;
				CLANG_WARN_BOOL_CONVERSION = YES;
				CLANG_WARN_COMMA = YES;
				CLANG_WARN_CONSTANT_CONVERSION = YES;
				CLANG_WARN_DEPRECATED_OBJC_IMPLEMENTATIONS = YES;
				CLANG_WARN_DIRECT_OBJC_ISA_USAGE = YES_ERROR;
				CLANG_WARN_DOCUMENTATION_COMMENTS = YES;
				CLANG_WARN_EMPTY_BODY = YES;
				CLANG_WARN_ENUM_CONVERSION = YES;
				CLANG_WARN_INFINITE_RECURSION = YES;
				CLANG_WARN_INT_CONVERSION = YES;
				CLANG_WARN_NON_LITERAL_NULL_CONVERSION = YES;
				CLANG_WARN_OBJC_IMPLICIT_RETAIN_SELF = YES;
				CLANG_WARN_OBJC_LITERAL_CONVERSION = YES;
				CLANG_WARN_OBJC_ROOT_CLASS = YES_ERROR;
				CLANG_WARN_RANGE_LOOP_ANALYSIS = YES;
				CLANG_WARN_STRICT_PROTOTYPES = YES;
				CLANG_WARN_SUSPICIOUS_MOVE = YES;
				CLANG_WARN_UNGUARDED_AVAILABILITY = YES_AGGRESSIVE;
				CLANG_WARN_UNREACHABLE_CODE = YES;
				CLANG_WARN__DUPLICATE_METHOD_MATCH = YES;
				CODE_SIGN_IDENTITY = "iPhone Developer";
				COPY_PHASE_STRIP = NO;
				DEBUG_INFORMATION_FORMAT = "dwarf-with-dsym";
				ENABLE_NS_ASSERTIONS = NO;
				ENABLE_STRICT_OBJC_MSGSEND = YES;
				GCC_C_LANGUAGE_STANDARD = gnu11;
				GCC_NO_COMMON_BLOCKS = YES;
				GCC_WARN_64_TO_32_BIT_CONVERSION = YES;
				GCC_WARN_ABOUT_RETURN_TYPE = YES_ERROR;
				GCC_WARN_UNDECLARED_SELECTOR = YES;
				GCC_WARN_UNINITIALIZED_AUTOS = YES_AGGRESSIVE;
				GCC_WARN_UNUSED_FUNCTION = YES;
				GCC_WARN_UNUSED_VARIABLE = YES;
				IPHONEOS_DEPLOYMENT_TARGET = 12.1;
				MTL_ENABLE_DEBUG_INFO = NO;
				MTL_FAST_MATH = YES;
				SDKROOT = iphoneos;
				SWIFT_COMPILATION_MODE = wholemodule;
				SWIFT_OPTIMIZATION_LEVEL = "-O";
				VALIDATE_PRODUCT = YES;
			};
			name = Release;
		};
		461926D5226D4B07009D48F9 /* Debug */ = {
			isa = XCBuildConfiguration;
			buildSettings = {
				ASSETCATALOG_COMPILER_APPICON_NAME = AppIcon;
				CODE_SIGN_STYLE = Automatic;
				DEVELOPMENT_TEAM = 38C47QG4QC;
				INFOPLIST_FILE = BoredData/Info.plist;
				IPHONEOS_DEPLOYMENT_TARGET = 13.0;
				LD_RUNPATH_SEARCH_PATHS = (
					"$(inherited)",
					"@executable_path/Frameworks",
				);
				PRODUCT_BUNDLE_IDENTIFIER = com.cwegs.BoredData;
				PRODUCT_NAME = "$(TARGET_NAME)";
				SWIFT_VERSION = 4.2;
				TARGETED_DEVICE_FAMILY = "1,2";
			};
			name = Debug;
		};
		461926D6226D4B07009D48F9 /* Release */ = {
			isa = XCBuildConfiguration;
			buildSettings = {
				ASSETCATALOG_COMPILER_APPICON_NAME = AppIcon;
				CODE_SIGN_STYLE = Automatic;
				DEVELOPMENT_TEAM = 38C47QG4QC;
				INFOPLIST_FILE = BoredData/Info.plist;
				IPHONEOS_DEPLOYMENT_TARGET = 13.0;
				LD_RUNPATH_SEARCH_PATHS = (
					"$(inherited)",
					"@executable_path/Frameworks",
				);
				PRODUCT_BUNDLE_IDENTIFIER = com.cwegs.BoredData;
				PRODUCT_NAME = "$(TARGET_NAME)";
				SWIFT_VERSION = 4.2;
				TARGETED_DEVICE_FAMILY = "1,2";
			};
			name = Release;
		};
		461926D8226D4B07009D48F9 /* Debug */ = {
			isa = XCBuildConfiguration;
			buildSettings = {
				ALWAYS_EMBED_SWIFT_STANDARD_LIBRARIES = YES;
				BUNDLE_LOADER = "$(TEST_HOST)";
				CODE_SIGN_STYLE = Automatic;
				DEVELOPMENT_TEAM = 38C47QG4QC;
				INFOPLIST_FILE = BoredDataTests/Info.plist;
				LD_RUNPATH_SEARCH_PATHS = (
					"$(inherited)",
					"@executable_path/Frameworks",
					"@loader_path/Frameworks",
				);
				PRODUCT_BUNDLE_IDENTIFIER = com.cwegs.BoredDataTests;
				PRODUCT_NAME = "$(TARGET_NAME)";
				SWIFT_VERSION = 4.2;
				TARGETED_DEVICE_FAMILY = "1,2";
				TEST_HOST = "$(BUILT_PRODUCTS_DIR)/BoredApp.app/BoredApp";
			};
			name = Debug;
		};
		461926D9226D4B07009D48F9 /* Release */ = {
			isa = XCBuildConfiguration;
			buildSettings = {
				ALWAYS_EMBED_SWIFT_STANDARD_LIBRARIES = YES;
				BUNDLE_LOADER = "$(TEST_HOST)";
				CODE_SIGN_STYLE = Automatic;
				DEVELOPMENT_TEAM = 38C47QG4QC;
				INFOPLIST_FILE = BoredDataTests/Info.plist;
				LD_RUNPATH_SEARCH_PATHS = (
					"$(inherited)",
					"@executable_path/Frameworks",
					"@loader_path/Frameworks",
				);
				PRODUCT_BUNDLE_IDENTIFIER = com.cwegs.BoredDataTests;
				PRODUCT_NAME = "$(TARGET_NAME)";
				SWIFT_VERSION = 4.2;
				TARGETED_DEVICE_FAMILY = "1,2";
				TEST_HOST = "$(BUILT_PRODUCTS_DIR)/BoredApp.app/BoredApp";
			};
			name = Release;
		};
		461926DB226D4B07009D48F9 /* Debug */ = {
			isa = XCBuildConfiguration;
			buildSettings = {
				ALWAYS_EMBED_SWIFT_STANDARD_LIBRARIES = YES;
				CODE_SIGN_STYLE = Automatic;
				DEVELOPMENT_TEAM = 38C47QG4QC;
				INFOPLIST_FILE = BoredDataUITests/Info.plist;
				LD_RUNPATH_SEARCH_PATHS = (
					"$(inherited)",
					"@executable_path/Frameworks",
					"@loader_path/Frameworks",
				);
				PRODUCT_BUNDLE_IDENTIFIER = com.cwegs.BoredDataUITests;
				PRODUCT_NAME = "$(TARGET_NAME)";
				SWIFT_VERSION = 4.2;
				TARGETED_DEVICE_FAMILY = "1,2";
				TEST_TARGET_NAME = BoredData;
			};
			name = Debug;
		};
		461926DC226D4B07009D48F9 /* Release */ = {
			isa = XCBuildConfiguration;
			buildSettings = {
				ALWAYS_EMBED_SWIFT_STANDARD_LIBRARIES = YES;
				CODE_SIGN_STYLE = Automatic;
				DEVELOPMENT_TEAM = 38C47QG4QC;
				INFOPLIST_FILE = BoredDataUITests/Info.plist;
				LD_RUNPATH_SEARCH_PATHS = (
					"$(inherited)",
					"@executable_path/Frameworks",
					"@loader_path/Frameworks",
				);
				PRODUCT_BUNDLE_IDENTIFIER = com.cwegs.BoredDataUITests;
				PRODUCT_NAME = "$(TARGET_NAME)";
				SWIFT_VERSION = 4.2;
				TARGETED_DEVICE_FAMILY = "1,2";
				TEST_TARGET_NAME = BoredData;
			};
			name = Release;
		};
/* End XCBuildConfiguration section */

/* Begin XCConfigurationList section */
		461926A4226D4AFB009D48F9 /* Build configuration list for PBXProject "BoredApp" */ = {
			isa = XCConfigurationList;
			buildConfigurations = (
				461926D2226D4B07009D48F9 /* Debug */,
				461926D3226D4B07009D48F9 /* Release */,
			);
			defaultConfigurationIsVisible = 0;
			defaultConfigurationName = Release;
		};
		461926D4226D4B07009D48F9 /* Build configuration list for PBXNativeTarget "BoredApp" */ = {
			isa = XCConfigurationList;
			buildConfigurations = (
				461926D5226D4B07009D48F9 /* Debug */,
				461926D6226D4B07009D48F9 /* Release */,
			);
			defaultConfigurationIsVisible = 0;
			defaultConfigurationName = Release;
		};
		461926D7226D4B07009D48F9 /* Build configuration list for PBXNativeTarget "BoredAppTests" */ = {
			isa = XCConfigurationList;
			buildConfigurations = (
				461926D8226D4B07009D48F9 /* Debug */,
				461926D9226D4B07009D48F9 /* Release */,
			);
			defaultConfigurationIsVisible = 0;
			defaultConfigurationName = Release;
		};
		461926DA226D4B07009D48F9 /* Build configuration list for PBXNativeTarget "BoredAppUITests" */ = {
			isa = XCConfigurationList;
			buildConfigurations = (
				461926DB226D4B07009D48F9 /* Debug */,
				461926DC226D4B07009D48F9 /* Release */,
			);
			defaultConfigurationIsVisible = 0;
			defaultConfigurationName = Release;
		};
/* End XCConfigurationList section */

/* Begin XCRemoteSwiftPackageReference section */
		446D47C829E6432900A640AC /* XCRemoteSwiftPackageReference "swift-argument-parser" */ = {
			isa = XCRemoteSwiftPackageReference;
			repositoryURL = "https://github.com/apple/swift-argument-parser.git";
			requirement = {
				kind = upToNextMajorVersion;
				minimumVersion = 1.0.0;
			};
		};
		7B09850829F642740010D3C9 /* XCRemoteSwiftPackageReference "Parse-Swift" */ = {
			isa = XCRemoteSwiftPackageReference;
			repositoryURL = "https://github.com/parse-community/Parse-Swift";
			requirement = {
				kind = upToNextMajorVersion;
				minimumVersion = 4.14.2;
			};
		};
/* End XCRemoteSwiftPackageReference section */

/* Begin XCSwiftPackageProductDependency section */
		7B09850929F642740010D3C9 /* ParseSwift */ = {
			isa = XCSwiftPackageProductDependency;
			package = 7B09850829F642740010D3C9 /* XCRemoteSwiftPackageReference "Parse-Swift" */;
			productName = ParseSwift;
		};
/* End XCSwiftPackageProductDependency section */

/* Begin XCVersionGroup section */
		461926B3226D4AFB009D48F9 /* BoredData.xcdatamodeld */ = {
			isa = XCVersionGroup;
			children = (
				461926B4226D4AFB009D48F9 /* BoredData.xcdatamodel */,
			);
			currentVersion = 461926B4226D4AFB009D48F9 /* BoredData.xcdatamodel */;
			path = BoredData.xcdatamodeld;
			sourceTree = "<group>";
			versionGroupType = wrapper.xcdatamodel;
		};
/* End XCVersionGroup section */
	};
	rootObject = 461926A1226D4AFB009D48F9 /* Project object */;
}
